
Microsoft Visual Studio Solution File, Format Version 12.00
# Visual Studio Version 17
VisualStudioVersion = 17.8.34330.188
MinimumVisualStudioVersion = 10.0.40219.1
Project("{2150E333-8FDC-42A3-9474-1A3956D46DE8}") = "src", "src", "{B990EB89-D980-4F69-AB24-EB72A025AAB3}"
EndProject
Project("{2150E333-8FDC-42A3-9474-1A3956D46DE8}") = "tests", "tests", "{0AC5F394-040F-48CB-8318-C843EF82C366}"
EndProject
Project("{9A19103F-16F7-4668-BE54-9A1E7A4F7556}") = "RocketseatAuction.API", "src\RocketseatAuction.API\RocketseatAuction.API.csproj", "{6FF7AD5F-DBD1-4E59-82D6-1F71199979F0}"
EndProject
Project("{9A19103F-16F7-4668-BE54-9A1E7A4F7556}") = "UseCases.Test", "tests\UseCases.Test\UseCases.Test.csproj", "{6CF62FC2-9A19-44E9-A89F-475B33211E07}"
EndProject
Global
	GlobalSection(SolutionConfigurationPlatforms) = preSolution
		Debug|Any CPU = Debug|Any CPU
		Release|Any CPU = Release|Any CPU
	EndGlobalSection
	GlobalSection(ProjectConfigurationPlatforms) = postSolution
		{6FF7AD5F-DBD1-4E59-82D6-1F71199979F0}.Debug|Any CPU.ActiveCfg = Debug|Any CPU
		{6FF7AD5F-DBD1-4E59-82D6-1F71199979F0}.Debug|Any CPU.Build.0 = Debug|Any CPU
		{6FF7AD5F-DBD1-4E59-82D6-1F71199979F0}.Release|Any CPU.ActiveCfg = Release|Any CPU
		{6FF7AD5F-DBD1-4E59-82D6-1F71199979F0}.Release|Any CPU.Build.0 = Release|Any CPU
		{6CF62FC2-9A19-44E9-A89F-475B33211E07}.Debug|Any CPU.ActiveCfg = Debug|Any CPU
		{6CF62FC2-9A19-44E9-A89F-475B33211E07}.Debug|Any CPU.Build.0 = Debug|Any CPU
		{6CF62FC2-9A19-44E9-A89F-475B33211E07}.Release|Any CPU.ActiveCfg = Release|Any CPU
		{6CF62FC2-9A19-44E9-A89F-475B33211E07}.Release|Any CPU.Build.0 = Release|Any CPU
	EndGlobalSection
	GlobalSection(SolutionProperties) = preSolution
		HideSolutionNode = FALSE
	EndGlobalSection
	GlobalSection(NestedProjects) = preSolution
		{6FF7AD5F-DBD1-4E59-82D6-1F71199979F0} = {B990EB89-D980-4F69-AB24-EB72A025AAB3}
		{6CF62FC2-9A19-44E9-A89F-475B33211E07} = {0AC5F394-040F-48CB-8318-C843EF82C366}
	EndGlobalSection
	GlobalSection(ExtensibilityGlobals) = postSolution
		SolutionGuid = {620DE325-4605-42F6-9AF5-EECD20F4D206}
	EndGlobalSection
EndGlobal
